
Microsoft Visual Studio Solution File, Format Version 12.00
# Visual Studio Version 17
VisualStudioVersion = 17.8.34309.116
MinimumVisualStudioVersion = 10.0.40219.1
Project("{FAE04EC0-301F-11D3-BF4B-00C04F79EFBC}") = "Regis", "Regis\Regis.csproj", "{9A8BBFCC-0A89-4584-949C-502853F8ED7D}"
EndProject
Global
	GlobalSection(SolutionConfigurationPlatforms) = preSolution
		Debug|Any CPU = Debug|Any CPU
		Release|Any CPU = Release|Any CPU
	EndGlobalSection
	GlobalSection(ProjectConfigurationPlatforms) = postSolution
		{9A8BBFCC-0A89-4584-949C-502853F8ED7D}.Debug|Any CPU.ActiveCfg = Debug|Any CPU
		{9A8BBFCC-0A89-4584-949C-502853F8ED7D}.Debug|Any CPU.Build.0 = Debug|Any CPU
		{9A8BBFCC-0A89-4584-949C-502853F8ED7D}.Release|Any CPU.ActiveCfg = Release|Any CPU
		{9A8BBFCC-0A89-4584-949C-502853F8ED7D}.Release|Any CPU.Build.0 = Release|Any CPU
	EndGlobalSection
	GlobalSection(SolutionProperties) = preSolution
		HideSolutionNode = FALSE
	EndGlobalSection
	GlobalSection(ExtensibilityGlobals) = postSolution
		SolutionGuid = {09F6BCEB-3191-4E4E-8C01-04709E99F431}
	EndGlobalSection
EndGlobal
